
Microsoft Visual Studio Solution File, Format Version 12.00
# Visual Studio Version 16
VisualStudioVersion = 16.0.31702.278
MinimumVisualStudioVersion = 10.0.40219.1
Project("{9A19103F-16F7-4668-BE54-9A1E7A4F7556}") = "FibonacciFunctionsByAnilTailor", "FibonnacciFunctionsByAnilTailor\FibonacciFunctionsByAnilTailor.csproj", "{BFA5837A-CABB-42C8-8732-985653C4F576}"
EndProject
Project("{9A19103F-16F7-4668-BE54-9A1E7A4F7556}") = "FibonacciService", "FindInFibonnacciService\FibonacciService.csproj", "{C98F7536-F33D-41F2-86C2-12A82EFF516E}"
EndProject
Project("{9A19103F-16F7-4668-BE54-9A1E7A4F7556}") = "FindInFibonacci.Tests", "FindInFibonaccis.Tests\FindInFibonacci.Tests.csproj", "{2D26EB0B-D2EE-4D42-B16E-03543942EBB3}"
EndProject
Global
	GlobalSection(SolutionConfigurationPlatforms) = preSolution
		Debug|Any CPU = Debug|Any CPU
		Release|Any CPU = Release|Any CPU
	EndGlobalSection
	GlobalSection(ProjectConfigurationPlatforms) = postSolution
		{BFA5837A-CABB-42C8-8732-985653C4F576}.Debug|Any CPU.ActiveCfg = Debug|Any CPU
		{BFA5837A-CABB-42C8-8732-985653C4F576}.Debug|Any CPU.Build.0 = Debug|Any CPU
		{BFA5837A-CABB-42C8-8732-985653C4F576}.Release|Any CPU.ActiveCfg = Release|Any CPU
		{BFA5837A-CABB-42C8-8732-985653C4F576}.Release|Any CPU.Build.0 = Release|Any CPU
		{C98F7536-F33D-41F2-86C2-12A82EFF516E}.Debug|Any CPU.ActiveCfg = Debug|Any CPU
		{C98F7536-F33D-41F2-86C2-12A82EFF516E}.Debug|Any CPU.Build.0 = Debug|Any CPU
		{C98F7536-F33D-41F2-86C2-12A82EFF516E}.Release|Any CPU.ActiveCfg = Release|Any CPU
		{C98F7536-F33D-41F2-86C2-12A82EFF516E}.Release|Any CPU.Build.0 = Release|Any CPU
		{2D26EB0B-D2EE-4D42-B16E-03543942EBB3}.Debug|Any CPU.ActiveCfg = Debug|Any CPU
		{2D26EB0B-D2EE-4D42-B16E-03543942EBB3}.Debug|Any CPU.Build.0 = Debug|Any CPU
		{2D26EB0B-D2EE-4D42-B16E-03543942EBB3}.Release|Any CPU.ActiveCfg = Release|Any CPU
		{2D26EB0B-D2EE-4D42-B16E-03543942EBB3}.Release|Any CPU.Build.0 = Release|Any CPU
	EndGlobalSection
	GlobalSection(SolutionProperties) = preSolution
		HideSolutionNode = FALSE
	EndGlobalSection
	GlobalSection(ExtensibilityGlobals) = postSolution
		SolutionGuid = {158F1FA5-BD48-4A0C-BB22-06A326599379}
	EndGlobalSection
EndGlobal
